github.com/ZhengjunHUO/zjunx v0.0.0-20210929203812-9694876d4b33 h1:5fjZ30/JZskTuHeXD2IvIv4BYx4cs5QTYGuj+2dgVtI=
github.com/ZhengjunHUO/zjunx v0.0.0-20210929203812-9694876d4b33/go.mod h1:ZFFc+5XkWQGsq34nEwEigV2nNFq1lOani8axO7JPQMU=
github.com/ZhengjunHUO/zjunx v0.0.0-20221009071057-a3eedf26bdf5 h1:8RT3buorYyv4vdRuGYITgFaROdd93i1Hmd/boUNWOm8=
github.com/ZhengjunHUO/zjunx v0.0.0-20221009071057-a3eedf26bdf5/go.mod h1:ZFFc+5XkWQGsq34nEwEigV2nNFq1lOani8axO7JPQMU=
